
Microsoft Visual Studio Solution File, Format Version 12.00
Project("{FAE04EC0-301F-11D3-BF4B-00C04F79EFBC}") = "Ciphers", "Ciphers\Ciphers.csproj", "{917B3ED1-C9E6-4C13-8B93-A2AA24E77668}"
EndProject
Project("{FAE04EC0-301F-11D3-BF4B-00C04F79EFBC}") = "SymmetricCryptography", "SymmetricCryptography\SymmetricCryptography.csproj", "{AE2BB258-0101-40CA-A1BF-0D1C8CABB024}"
EndProject
Project("{FAE04EC0-301F-11D3-BF4B-00C04F79EFBC}") = "AsymmetricCipher", "AsymmetricCipher\AsymmetricCipher.csproj", "{64D4CC6B-BEC4-4893-9A5B-7267B88F6C31}"
EndProject
Project("{FAE04EC0-301F-11D3-BF4B-00C04F79EFBC}") = "Main", "Main\Main.csproj", "{FF7B33CC-3C6C-4589-80F7-2A1AC5E2ADDA}"
EndProject
Project("{FAE04EC0-301F-11D3-BF4B-00C04F79EFBC}") = "Reports", "Reports\Reports.csproj", "{4F65AF0B-388A-401D-8D75-D4420C375914}"
EndProject
Global
	GlobalSection(SolutionConfigurationPlatforms) = preSolution
		Debug|Any CPU = Debug|Any CPU
		Release|Any CPU = Release|Any CPU
	EndGlobalSection
	GlobalSection(ProjectConfigurationPlatforms) = postSolution
		{917B3ED1-C9E6-4C13-8B93-A2AA24E77668}.Debug|Any CPU.ActiveCfg = Debug|Any CPU
		{917B3ED1-C9E6-4C13-8B93-A2AA24E77668}.Debug|Any CPU.Build.0 = Debug|Any CPU
		{917B3ED1-C9E6-4C13-8B93-A2AA24E77668}.Release|Any CPU.ActiveCfg = Release|Any CPU
		{917B3ED1-C9E6-4C13-8B93-A2AA24E77668}.Release|Any CPU.Build.0 = Release|Any CPU
		{AE2BB258-0101-40CA-A1BF-0D1C8CABB024}.Debug|Any CPU.ActiveCfg = Debug|Any CPU
		{AE2BB258-0101-40CA-A1BF-0D1C8CABB024}.Debug|Any CPU.Build.0 = Debug|Any CPU
		{AE2BB258-0101-40CA-A1BF-0D1C8CABB024}.Release|Any CPU.ActiveCfg = Release|Any CPU
		{AE2BB258-0101-40CA-A1BF-0D1C8CABB024}.Release|Any CPU.Build.0 = Release|Any CPU
		{64D4CC6B-BEC4-4893-9A5B-7267B88F6C31}.Debug|Any CPU.ActiveCfg = Debug|Any CPU
		{64D4CC6B-BEC4-4893-9A5B-7267B88F6C31}.Debug|Any CPU.Build.0 = Debug|Any CPU
		{64D4CC6B-BEC4-4893-9A5B-7267B88F6C31}.Release|Any CPU.ActiveCfg = Release|Any CPU
		{64D4CC6B-BEC4-4893-9A5B-7267B88F6C31}.Release|Any CPU.Build.0 = Release|Any CPU
		{FF7B33CC-3C6C-4589-80F7-2A1AC5E2ADDA}.Debug|Any CPU.ActiveCfg = Debug|Any CPU
		{FF7B33CC-3C6C-4589-80F7-2A1AC5E2ADDA}.Debug|Any CPU.Build.0 = Debug|Any CPU
		{FF7B33CC-3C6C-4589-80F7-2A1AC5E2ADDA}.Release|Any CPU.ActiveCfg = Release|Any CPU
		{FF7B33CC-3C6C-4589-80F7-2A1AC5E2ADDA}.Release|Any CPU.Build.0 = Release|Any CPU
		{4F65AF0B-388A-401D-8D75-D4420C375914}.Debug|Any CPU.ActiveCfg = Debug|Any CPU
		{4F65AF0B-388A-401D-8D75-D4420C375914}.Debug|Any CPU.Build.0 = Debug|Any CPU
		{4F65AF0B-388A-401D-8D75-D4420C375914}.Release|Any CPU.ActiveCfg = Release|Any CPU
		{4F65AF0B-388A-401D-8D75-D4420C375914}.Release|Any CPU.Build.0 = Release|Any CPU
	EndGlobalSection
EndGlobal
